
Microsoft Visual Studio Solution File, Format Version 12.00
# Visual Studio 14
VisualStudioVersion = 14.0.25420.1
MinimumVisualStudioVersion = 10.0.40219.1
Project("{FAE04EC0-301F-11D3-BF4B-00C04F79EFBC}") = "CMSApp_AppCode", "..\CMSApp_AppCode.csproj", "{92B0A977-72C4-4616-9E24-6D851212A82D}"
EndProject
Project("{FAE04EC0-301F-11D3-BF4B-00C04F79EFBC}") = "PbcLinear.Web", "..\PbcLinear.Web.csproj", "{BB8817AE-48DF-4672-A1CB-CFB7441B88DA}"
EndProject
Global
	GlobalSection(SolutionConfigurationPlatforms) = preSolution
		Debug|Any CPU = Debug|Any CPU
		Dev|Any CPU = Dev|Any CPU
		Production|Any CPU = Production|Any CPU
		QA|Any CPU = QA|Any CPU
		Release|Any CPU = Release|Any CPU
		Staging|Any CPU = Staging|Any CPU
	EndGlobalSection
	GlobalSection(ProjectConfigurationPlatforms) = postSolution
		{92B0A977-72C4-4616-9E24-6D851212A82D}.Debug|Any CPU.ActiveCfg = Debug|Any CPU
		{92B0A977-72C4-4616-9E24-6D851212A82D}.Debug|Any CPU.Build.0 = Debug|Any CPU
		{92B0A977-72C4-4616-9E24-6D851212A82D}.Dev|Any CPU.ActiveCfg = Dev|Any CPU
		{92B0A977-72C4-4616-9E24-6D851212A82D}.Dev|Any CPU.Build.0 = Dev|Any CPU
		{92B0A977-72C4-4616-9E24-6D851212A82D}.Production|Any CPU.ActiveCfg = Production|Any CPU
		{92B0A977-72C4-4616-9E24-6D851212A82D}.Production|Any CPU.Build.0 = Production|Any CPU
		{92B0A977-72C4-4616-9E24-6D851212A82D}.QA|Any CPU.ActiveCfg = QA|Any CPU
		{92B0A977-72C4-4616-9E24-6D851212A82D}.QA|Any CPU.Build.0 = QA|Any CPU
		{92B0A977-72C4-4616-9E24-6D851212A82D}.Release|Any CPU.ActiveCfg = Release|Any CPU
		{92B0A977-72C4-4616-9E24-6D851212A82D}.Release|Any CPU.Build.0 = Release|Any CPU
		{92B0A977-72C4-4616-9E24-6D851212A82D}.Staging|Any CPU.ActiveCfg = Staging|Any CPU
		{92B0A977-72C4-4616-9E24-6D851212A82D}.Staging|Any CPU.Build.0 = Staging|Any CPU
		{BB8817AE-48DF-4672-A1CB-CFB7441B88DA}.Debug|Any CPU.ActiveCfg = Debug|Any CPU
		{BB8817AE-48DF-4672-A1CB-CFB7441B88DA}.Debug|Any CPU.Build.0 = Debug|Any CPU
		{BB8817AE-48DF-4672-A1CB-CFB7441B88DA}.Dev|Any CPU.ActiveCfg = Dev|Any CPU
		{BB8817AE-48DF-4672-A1CB-CFB7441B88DA}.Dev|Any CPU.Build.0 = Dev|Any CPU
		{BB8817AE-48DF-4672-A1CB-CFB7441B88DA}.Production|Any CPU.ActiveCfg = Production|Any CPU
		{BB8817AE-48DF-4672-A1CB-CFB7441B88DA}.Production|Any CPU.Build.0 = Production|Any CPU
		{BB8817AE-48DF-4672-A1CB-CFB7441B88DA}.QA|Any CPU.ActiveCfg = QA|Any CPU
		{BB8817AE-48DF-4672-A1CB-CFB7441B88DA}.QA|Any CPU.Build.0 = QA|Any CPU
		{BB8817AE-48DF-4672-A1CB-CFB7441B88DA}.Release|Any CPU.ActiveCfg = Release|Any CPU
		{BB8817AE-48DF-4672-A1CB-CFB7441B88DA}.Release|Any CPU.Build.0 = Release|Any CPU
		{BB8817AE-48DF-4672-A1CB-CFB7441B88DA}.Staging|Any CPU.ActiveCfg = Staging|Any CPU
		{BB8817AE-48DF-4672-A1CB-CFB7441B88DA}.Staging|Any CPU.Build.0 = Staging|Any CPU
	EndGlobalSection
	GlobalSection(SolutionProperties) = preSolution
		HideSolutionNode = FALSE
	EndGlobalSection
EndGlobal
